
Microsoft Visual Studio Solution File, Format Version 12.00
# Visual Studio Version 16
VisualStudioVersion = 16.0.31105.61
MinimumVisualStudioVersion = 10.0.40219.1
Project("{FAE04EC0-301F-11D3-BF4B-00C04F79EFBC}") = "Dapper_Tests", "Dapper_Tests\Dapper_Tests.csproj", "{519A7384-7705-49FF-A7B1-C3B06EFF50B1}"
EndProject
Project("{FAE04EC0-301F-11D3-BF4B-00C04F79EFBC}") = "Dapper", "Dapper\Dapper.csproj", "{5CDFCC57-2A2E-4F92-A582-D52244B783A6}"
EndProject
Global
	GlobalSection(SolutionConfigurationPlatforms) = preSolution
		Debug|Any CPU = Debug|Any CPU
		Release|Any CPU = Release|Any CPU
	EndGlobalSection
	GlobalSection(ProjectConfigurationPlatforms) = postSolution
		{519A7384-7705-49FF-A7B1-C3B06EFF50B1}.Debug|Any CPU.ActiveCfg = Debug|Any CPU
		{519A7384-7705-49FF-A7B1-C3B06EFF50B1}.Debug|Any CPU.Build.0 = Debug|Any CPU
		{519A7384-7705-49FF-A7B1-C3B06EFF50B1}.Release|Any CPU.ActiveCfg = Release|Any CPU
		{519A7384-7705-49FF-A7B1-C3B06EFF50B1}.Release|Any CPU.Build.0 = Release|Any CPU
		{5CDFCC57-2A2E-4F92-A582-D52244B783A6}.Debug|Any CPU.ActiveCfg = Debug|Any CPU
		{5CDFCC57-2A2E-4F92-A582-D52244B783A6}.Debug|Any CPU.Build.0 = Debug|Any CPU
		{5CDFCC57-2A2E-4F92-A582-D52244B783A6}.Release|Any CPU.ActiveCfg = Release|Any CPU
		{5CDFCC57-2A2E-4F92-A582-D52244B783A6}.Release|Any CPU.Build.0 = Release|Any CPU
	EndGlobalSection
	GlobalSection(SolutionProperties) = preSolution
		HideSolutionNode = FALSE
	EndGlobalSection
	GlobalSection(ExtensibilityGlobals) = postSolution
		SolutionGuid = {2AB4AA14-1346-4B24-BD54-B9F461F44642}
	EndGlobalSection
EndGlobal
